
Microsoft Visual Studio Solution File, Format Version 12.00
# Visual Studio 2017
Project("{FAE04EC0-301F-11D3-BF4B-00C04F79EFBC}") = "moveNormal", "moveNormal.csproj", "{1C10C588-8D07-5EE2-0E9F-435D7B0C745D}"
EndProject
Global
	GlobalSection(SolutionConfigurationPlatforms) = preSolution
		Debug|Any CPU = Debug|Any CPU
		Release|Any CPU = Release|Any CPU
	EndGlobalSection
	GlobalSection(ProjectConfigurationPlatforms) = postSolution
		{1C10C588-8D07-5EE2-0E9F-435D7B0C745D}.Debug|Any CPU.ActiveCfg = Debug|Any CPU
		{1C10C588-8D07-5EE2-0E9F-435D7B0C745D}.Debug|Any CPU.Build.0 = Debug|Any CPU
		{1C10C588-8D07-5EE2-0E9F-435D7B0C745D}.Release|Any CPU.ActiveCfg = Release|Any CPU
		{1C10C588-8D07-5EE2-0E9F-435D7B0C745D}.Release|Any CPU.Build.0 = Release|Any CPU
	EndGlobalSection
	GlobalSection(SolutionProperties) = preSolution
		HideSolutionNode = FALSE
	EndGlobalSection
EndGlobal
